
Microsoft Visual Studio Solution File, Format Version 12.00
# Visual Studio Version 17
VisualStudioVersion = 17.1.32328.378
MinimumVisualStudioVersion = 15.0.26124.0
Project("{2150E333-8FDC-42A3-9474-1A3956D46DE8}") = "AzureFunctions", "AzureFunctions", "{9261FE45-58AC-4992-9501-9183D6598DDF}"
EndProject
Project("{2150E333-8FDC-42A3-9474-1A3956D46DE8}") = "PythonPackage", "PythonPackage", "{EDB663E9-EFF5-4305-90DE-06206D03875E}"
EndProject
Project("{9A19103F-16F7-4668-BE54-9A1E7A4F7556}") = "Gcm.PythonPackage", "PythonPackage\PythonPackage.pytproj", "{704CE4D7-7B9E-452B-BBAC-AFDE874C67A8}"
EndProject
Project("{9A19103F-16F7-4668-BE54-9A1E7A4F7556}") = "AzureFunctions", "AzureFunctions\AzureFunctions.pytproj", "{9660BB80-617A-4560-A01C-905EFCD84E86}"
EndProject
Global
	GlobalSection(SolutionConfigurationPlatforms) = preSolution
		Debug|Any CPU = Debug|Any CPU
		Release|Any CPU = Release|Any CPU
	EndGlobalSection
	GlobalSection(ProjectConfigurationPlatforms) = postSolution
		{704CE4D7-7B9E-452B-BBAC-AFDE874C67A8}.Debug|Any CPU.ActiveCfg = Debug|Any CPU
		{704CE4D7-7B9E-452B-BBAC-AFDE874C67A8}.Debug|Any CPU.Build.0 = Debug|Any CPU
		{704CE4D7-7B9E-452B-BBAC-AFDE874C67A8}.Release|Any CPU.ActiveCfg = Release|Any CPU
		{704CE4D7-7B9E-452B-BBAC-AFDE874C67A8}.Release|Any CPU.Build.0 = Release|Any CPU
		{9660BB80-617A-4560-A01C-905EFCD84E86}.Debug|Any CPU.ActiveCfg = Debug|Any CPU
		{9660BB80-617A-4560-A01C-905EFCD84E86}.Debug|Any CPU.Build.0 = Debug|Any CPU
		{9660BB80-617A-4560-A01C-905EFCD84E86}.Release|Any CPU.ActiveCfg = Release|Any CPU
		{9660BB80-617A-4560-A01C-905EFCD84E86}.Release|Any CPU.Build.0 = Release|Any CPU
	EndGlobalSection
	GlobalSection(SolutionProperties) = preSolution
		HideSolutionNode = FALSE
	EndGlobalSection
	GlobalSection(NestedProjects) = preSolution
		{704CE4D7-7B9E-452B-BBAC-AFDE874C67A8} = {EDB663E9-EFF5-4305-90DE-06206D03875E}
		{9660BB80-617A-4560-A01C-905EFCD84E86} = {9261FE45-58AC-4992-9501-9183D6598DDF}
	EndGlobalSection
	GlobalSection(ExtensibilityGlobals) = postSolution
		SolutionGuid = {AF065C79-0E5E-420C-A80F-CFFA129B2F7C}
	EndGlobalSection
EndGlobal
