
Microsoft Visual Studio Solution File, Format Version 12.00
# Visual Studio Version 17
VisualStudioVersion = 17.1.32328.378
MinimumVisualStudioVersion = 15.0.26124.0
Project("FAE04EC0-301F-11D3-BF4B-00C04F79EFBC") = "AzureFunctions", "AzureFunctions\AzureFunctions.pytproj", "{1C84693D-9667-450F-86A5-09E956B58D59}"
EndProject
Project("FAE04EC0-301F-11D3-BF4B-00C04F79EFBC") = "AutoScaledAzureFunctions", "AutoScaledAzureFunctions\AutoScaledAzureFunctions.pytproj", "{A65DDD8A-5AAC-4BF2-BFE5-94A6D28AC343}"
EndProject
Global
	GlobalSection(SolutionConfigurationPlatforms) = preSolution
		Debug|Any CPU = Debug|Any CPU
		Release|Any CPU = Release|Any CPU
	EndGlobalSection
	GlobalSection(ProjectConfigurationPlatforms) = postSolution
		{1C84693D-9667-450F-86A5-09E956B58D59}.Debug|Any CPU.ActiveCfg = Debug|Any CPU
		{1C84693D-9667-450F-86A5-09E956B58D59}.Debug|Any CPU.Build.0 = Debug|Any CPU
		{1C84693D-9667-450F-86A5-09E956B58D59}.Release|Any CPU.ActiveCfg = Release|Any CPU
		{1C84693D-9667-450F-86A5-09E956B58D59}.Release|Any CPU.Build.0 = Release|Any CPU
		{489BD5E3-4B83-4464-9996-AFA291FAD1F2}.Debug|Any CPU.ActiveCfg = Debug|Any CPU
		{489BD5E3-4B83-4464-9996-AFA291FAD1F2}.Debug|Any CPU.Build.0 = Debug|Any CPU
		{489BD5E3-4B83-4464-9996-AFA291FAD1F2}.Release|Any CPU.ActiveCfg = Release|Any CPU
		{489BD5E3-4B83-4464-9996-AFA291FAD1F2}.Release|Any CPU.Build.0 = Release|Any CPU
		{A65DDD8A-5AAC-4BF2-BFE5-94A6D28AC343}.Debug|Any CPU.ActiveCfg = Debug|Any CPU
		{A65DDD8A-5AAC-4BF2-BFE5-94A6D28AC343}.Debug|Any CPU.Build.0 = Debug|Any CPU
		{A65DDD8A-5AAC-4BF2-BFE5-94A6D28AC343}.Release|Any CPU.ActiveCfg = Release|Any CPU
		{A65DDD8A-5AAC-4BF2-BFE5-94A6D28AC343}.Release|Any CPU.Build.0 = Release|Any CPU
	EndGlobalSection
	GlobalSection(SolutionProperties) = preSolution
		HideSolutionNode = FALSE
	EndGlobalSection
	GlobalSection(ExtensibilityGlobals) = postSolution
		SolutionGuid = {AF065C79-0E5E-420C-A80F-CFFA129B2F7C}
	EndGlobalSection
EndGlobal
